
Microsoft Visual Studio Solution File, Format Version 12.00
# Visual Studio Version 16
VisualStudioVersion = 16.0.33130.400
MinimumVisualStudioVersion = 10.0.40219.1
Project("{FAE04EC0-301F-11D3-BF4B-00C04F79EFBC}") = "CRUDSQLite.Android", "CRUDSQLite\CRUDSQLite.Android\CRUDSQLite.Android.csproj", "{84226A44-508D-40C9-B265-A43118F25123}"
EndProject
Project("{FAE04EC0-301F-11D3-BF4B-00C04F79EFBC}") = "CRUDSQLite.iOS", "CRUDSQLite\CRUDSQLite.iOS\CRUDSQLite.iOS.csproj", "{5E6B896E-4523-430C-8FD2-92FB395F22B9}"
EndProject
Project("{FAE04EC0-301F-11D3-BF4B-00C04F79EFBC}") = "CRUDSQLite", "CRUDSQLite\CRUDSQLite\CRUDSQLite.csproj", "{21250D43-9538-4C47-92F8-C78F6F1912A7}"
EndProject
Global
	GlobalSection(SolutionConfigurationPlatforms) = preSolution
		Debug|Any CPU = Debug|Any CPU
		Debug|iPhone = Debug|iPhone
		Debug|iPhoneSimulator = Debug|iPhoneSimulator
		Release|Any CPU = Release|Any CPU
		Release|iPhone = Release|iPhone
		Release|iPhoneSimulator = Release|iPhoneSimulator
	EndGlobalSection
	GlobalSection(ProjectConfigurationPlatforms) = postSolution
		{84226A44-508D-40C9-B265-A43118F25123}.Debug|Any CPU.ActiveCfg = Debug|Any CPU
		{84226A44-508D-40C9-B265-A43118F25123}.Debug|Any CPU.Build.0 = Debug|Any CPU
		{84226A44-508D-40C9-B265-A43118F25123}.Debug|Any CPU.Deploy.0 = Debug|Any CPU
		{84226A44-508D-40C9-B265-A43118F25123}.Debug|iPhone.ActiveCfg = Debug|Any CPU
		{84226A44-508D-40C9-B265-A43118F25123}.Debug|iPhone.Build.0 = Debug|Any CPU
		{84226A44-508D-40C9-B265-A43118F25123}.Debug|iPhone.Deploy.0 = Debug|Any CPU
		{84226A44-508D-40C9-B265-A43118F25123}.Debug|iPhoneSimulator.ActiveCfg = Debug|Any CPU
		{84226A44-508D-40C9-B265-A43118F25123}.Debug|iPhoneSimulator.Build.0 = Debug|Any CPU
		{84226A44-508D-40C9-B265-A43118F25123}.Debug|iPhoneSimulator.Deploy.0 = Debug|Any CPU
		{84226A44-508D-40C9-B265-A43118F25123}.Release|Any CPU.ActiveCfg = Release|Any CPU
		{84226A44-508D-40C9-B265-A43118F25123}.Release|Any CPU.Build.0 = Release|Any CPU
		{84226A44-508D-40C9-B265-A43118F25123}.Release|Any CPU.Deploy.0 = Release|Any CPU
		{84226A44-508D-40C9-B265-A43118F25123}.Release|iPhone.ActiveCfg = Release|Any CPU
		{84226A44-508D-40C9-B265-A43118F25123}.Release|iPhone.Build.0 = Release|Any CPU
		{84226A44-508D-40C9-B265-A43118F25123}.Release|iPhone.Deploy.0 = Release|Any CPU
		{84226A44-508D-40C9-B265-A43118F25123}.Release|iPhoneSimulator.ActiveCfg = Release|Any CPU
		{84226A44-508D-40C9-B265-A43118F25123}.Release|iPhoneSimulator.Build.0 = Release|Any CPU
		{84226A44-508D-40C9-B265-A43118F25123}.Release|iPhoneSimulator.Deploy.0 = Release|Any CPU
		{5E6B896E-4523-430C-8FD2-92FB395F22B9}.Debug|Any CPU.ActiveCfg = Debug|iPhone
		{5E6B896E-4523-430C-8FD2-92FB395F22B9}.Debug|Any CPU.Build.0 = Debug|iPhone
		{5E6B896E-4523-430C-8FD2-92FB395F22B9}.Debug|Any CPU.Deploy.0 = Debug|iPhone
		{5E6B896E-4523-430C-8FD2-92FB395F22B9}.Debug|iPhone.ActiveCfg = Debug|iPhone
		{5E6B896E-4523-430C-8FD2-92FB395F22B9}.Debug|iPhone.Build.0 = Debug|iPhone
		{5E6B896E-4523-430C-8FD2-92FB395F22B9}.Debug|iPhone.Deploy.0 = Debug|iPhone
		{5E6B896E-4523-430C-8FD2-92FB395F22B9}.Debug|iPhoneSimulator.ActiveCfg = Debug|iPhoneSimulator
		{5E6B896E-4523-430C-8FD2-92FB395F22B9}.Debug|iPhoneSimulator.Build.0 = Debug|iPhoneSimulator
		{5E6B896E-4523-430C-8FD2-92FB395F22B9}.Debug|iPhoneSimulator.Deploy.0 = Debug|iPhoneSimulator
		{5E6B896E-4523-430C-8FD2-92FB395F22B9}.Release|Any CPU.ActiveCfg = Release|iPhoneSimulator
		{5E6B896E-4523-430C-8FD2-92FB395F22B9}.Release|Any CPU.Build.0 = Release|iPhoneSimulator
		{5E6B896E-4523-430C-8FD2-92FB395F22B9}.Release|Any CPU.Deploy.0 = Release|iPhoneSimulator
		{5E6B896E-4523-430C-8FD2-92FB395F22B9}.Release|iPhone.ActiveCfg = Release|iPhone
		{5E6B896E-4523-430C-8FD2-92FB395F22B9}.Release|iPhone.Build.0 = Release|iPhone
		{5E6B896E-4523-430C-8FD2-92FB395F22B9}.Release|iPhone.Deploy.0 = Release|iPhone
		{5E6B896E-4523-430C-8FD2-92FB395F22B9}.Release|iPhoneSimulator.ActiveCfg = Release|iPhoneSimulator
		{5E6B896E-4523-430C-8FD2-92FB395F22B9}.Release|iPhoneSimulator.Build.0 = Release|iPhoneSimulator
		{5E6B896E-4523-430C-8FD2-92FB395F22B9}.Release|iPhoneSimulator.Deploy.0 = Release|iPhoneSimulator
		{21250D43-9538-4C47-92F8-C78F6F1912A7}.Debug|Any CPU.ActiveCfg = Debug|Any CPU
		{21250D43-9538-4C47-92F8-C78F6F1912A7}.Debug|Any CPU.Build.0 = Debug|Any CPU
		{21250D43-9538-4C47-92F8-C78F6F1912A7}.Debug|Any CPU.Deploy.0 = Debug|Any CPU
		{21250D43-9538-4C47-92F8-C78F6F1912A7}.Debug|iPhone.ActiveCfg = Debug|Any CPU
		{21250D43-9538-4C47-92F8-C78F6F1912A7}.Debug|iPhone.Build.0 = Debug|Any CPU
		{21250D43-9538-4C47-92F8-C78F6F1912A7}.Debug|iPhone.Deploy.0 = Debug|Any CPU
		{21250D43-9538-4C47-92F8-C78F6F1912A7}.Debug|iPhoneSimulator.ActiveCfg = Debug|Any CPU
		{21250D43-9538-4C47-92F8-C78F6F1912A7}.Debug|iPhoneSimulator.Build.0 = Debug|Any CPU
		{21250D43-9538-4C47-92F8-C78F6F1912A7}.Debug|iPhoneSimulator.Deploy.0 = Debug|Any CPU
		{21250D43-9538-4C47-92F8-C78F6F1912A7}.Release|Any CPU.ActiveCfg = Release|Any CPU
		{21250D43-9538-4C47-92F8-C78F6F1912A7}.Release|Any CPU.Build.0 = Release|Any CPU
		{21250D43-9538-4C47-92F8-C78F6F1912A7}.Release|Any CPU.Deploy.0 = Release|Any CPU
		{21250D43-9538-4C47-92F8-C78F6F1912A7}.Release|iPhone.ActiveCfg = Release|Any CPU
		{21250D43-9538-4C47-92F8-C78F6F1912A7}.Release|iPhone.Build.0 = Release|Any CPU
		{21250D43-9538-4C47-92F8-C78F6F1912A7}.Release|iPhone.Deploy.0 = Release|Any CPU
		{21250D43-9538-4C47-92F8-C78F6F1912A7}.Release|iPhoneSimulator.ActiveCfg = Release|Any CPU
		{21250D43-9538-4C47-92F8-C78F6F1912A7}.Release|iPhoneSimulator.Build.0 = Release|Any CPU
		{21250D43-9538-4C47-92F8-C78F6F1912A7}.Release|iPhoneSimulator.Deploy.0 = Release|Any CPU
	EndGlobalSection
	GlobalSection(SolutionProperties) = preSolution
		HideSolutionNode = FALSE
	EndGlobalSection
	GlobalSection(ExtensibilityGlobals) = postSolution
		SolutionGuid = {2A1BF026-C2DB-4D6A-90E8-377994A5CE1A}
	EndGlobalSection
EndGlobal
